
Microsoft Visual Studio Solution File, Format Version 12.00
# Visual Studio Version 17
VisualStudioVersion = 17.7.34031.279
MinimumVisualStudioVersion = 10.0.40219.1
Project("{8BC9CEB8-8B4A-11D0-8D11-00A0C91BC942}") = "MusicStore2", "MusicStore2.vcxproj", "{D550A3B4-F1EB-49A8-A9DB-C532AEF0B7E0}"
EndProject
Project("{8BC9CEB8-8B4A-11D0-8D11-00A0C91BC942}") = "Solver", "..\Solver\Solver.vcxproj", "{936CF3C3-F057-40F7-8D1F-FC0D8D9F0BDD}"
EndProject
Project("{8BC9CEB8-8B4A-11D0-8D11-00A0C91BC942}") = "Tests", "..\Tests\Tests.vcxproj", "{6336DCCD-514B-4794-99C7-8D02EBC0A174}"
EndProject
Global
	GlobalSection(SolutionConfigurationPlatforms) = preSolution
		Debug|x64 = Debug|x64
		Debug|x86 = Debug|x86
		Release|x64 = Release|x64
		Release|x86 = Release|x86
	EndGlobalSection
	GlobalSection(ProjectConfigurationPlatforms) = postSolution
		{D550A3B4-F1EB-49A8-A9DB-C532AEF0B7E0}.Debug|x64.ActiveCfg = Debug|x64
		{D550A3B4-F1EB-49A8-A9DB-C532AEF0B7E0}.Debug|x64.Build.0 = Debug|x64
		{D550A3B4-F1EB-49A8-A9DB-C532AEF0B7E0}.Debug|x86.ActiveCfg = Debug|Win32
		{D550A3B4-F1EB-49A8-A9DB-C532AEF0B7E0}.Debug|x86.Build.0 = Debug|Win32
		{D550A3B4-F1EB-49A8-A9DB-C532AEF0B7E0}.Release|x64.ActiveCfg = Release|x64
		{D550A3B4-F1EB-49A8-A9DB-C532AEF0B7E0}.Release|x64.Build.0 = Release|x64
		{D550A3B4-F1EB-49A8-A9DB-C532AEF0B7E0}.Release|x86.ActiveCfg = Release|Win32
		{D550A3B4-F1EB-49A8-A9DB-C532AEF0B7E0}.Release|x86.Build.0 = Release|Win32
		{936CF3C3-F057-40F7-8D1F-FC0D8D9F0BDD}.Debug|x64.ActiveCfg = Debug|x64
		{936CF3C3-F057-40F7-8D1F-FC0D8D9F0BDD}.Debug|x64.Build.0 = Debug|x64
		{936CF3C3-F057-40F7-8D1F-FC0D8D9F0BDD}.Debug|x86.ActiveCfg = Debug|Win32
		{936CF3C3-F057-40F7-8D1F-FC0D8D9F0BDD}.Debug|x86.Build.0 = Debug|Win32
		{936CF3C3-F057-40F7-8D1F-FC0D8D9F0BDD}.Release|x64.ActiveCfg = Release|x64
		{936CF3C3-F057-40F7-8D1F-FC0D8D9F0BDD}.Release|x64.Build.0 = Release|x64
		{936CF3C3-F057-40F7-8D1F-FC0D8D9F0BDD}.Release|x86.ActiveCfg = Release|Win32
		{936CF3C3-F057-40F7-8D1F-FC0D8D9F0BDD}.Release|x86.Build.0 = Release|Win32
		{6336DCCD-514B-4794-99C7-8D02EBC0A174}.Debug|x64.ActiveCfg = Debug|x64
		{6336DCCD-514B-4794-99C7-8D02EBC0A174}.Debug|x64.Build.0 = Debug|x64
		{6336DCCD-514B-4794-99C7-8D02EBC0A174}.Debug|x86.ActiveCfg = Debug|Win32
		{6336DCCD-514B-4794-99C7-8D02EBC0A174}.Debug|x86.Build.0 = Debug|Win32
		{6336DCCD-514B-4794-99C7-8D02EBC0A174}.Release|x64.ActiveCfg = Release|x64
		{6336DCCD-514B-4794-99C7-8D02EBC0A174}.Release|x64.Build.0 = Release|x64
		{6336DCCD-514B-4794-99C7-8D02EBC0A174}.Release|x86.ActiveCfg = Release|Win32
		{6336DCCD-514B-4794-99C7-8D02EBC0A174}.Release|x86.Build.0 = Release|Win32
	EndGlobalSection
	GlobalSection(SolutionProperties) = preSolution
		HideSolutionNode = FALSE
	EndGlobalSection
	GlobalSection(ExtensibilityGlobals) = postSolution
		SolutionGuid = {107AF79E-2931-428E-8D05-08A8C785A8CA}
	EndGlobalSection
EndGlobal
